
Microsoft Visual Studio Solution File, Format Version 12.00
# Visual Studio Version 16
VisualStudioVersion = 16.0.30225.117
MinimumVisualStudioVersion = 10.0.40219.1
Project("{FAE04EC0-301F-11D3-BF4B-00C04F79EFBC}") = "Producer", "Producer\Producer.csproj", "{0E0178BE-D005-44AF-9D34-B1A3DC2D0021}"
EndProject
Global
	GlobalSection(SolutionConfigurationPlatforms) = preSolution
		Debug|Any CPU = Debug|Any CPU
		Release|Any CPU = Release|Any CPU
	EndGlobalSection
	GlobalSection(ProjectConfigurationPlatforms) = postSolution
		{0E0178BE-D005-44AF-9D34-B1A3DC2D0021}.Debug|Any CPU.ActiveCfg = Debug|Any CPU
		{0E0178BE-D005-44AF-9D34-B1A3DC2D0021}.Debug|Any CPU.Build.0 = Debug|Any CPU
		{0E0178BE-D005-44AF-9D34-B1A3DC2D0021}.Release|Any CPU.ActiveCfg = Release|Any CPU
		{0E0178BE-D005-44AF-9D34-B1A3DC2D0021}.Release|Any CPU.Build.0 = Release|Any CPU
	EndGlobalSection
	GlobalSection(SolutionProperties) = preSolution
		HideSolutionNode = FALSE
	EndGlobalSection
	GlobalSection(ExtensibilityGlobals) = postSolution
		SolutionGuid = {F0011355-209B-4C03-B6E9-6ADE7A2ED497}
	EndGlobalSection
EndGlobal
